
Microsoft Visual Studio Solution File, Format Version 12.00
# Visual Studio Version 17
VisualStudioVersion = 17.0.31903.59
MinimumVisualStudioVersion = 10.0.40219.1
Project("{FAE04EC0-301F-11D3-BF4B-00C04F79EFBC}") = "BatchProcessing.Core", "BatchProcessing.Core\BatchProcessing.Core.csproj", "{9B425E29-DEF9-4438-BACF-F0349FBB8E39}"
EndProject
Project("{FAE04EC0-301F-11D3-BF4B-00C04F79EFBC}") = "BatchProcessing.Demo", "BatchProcessing.Demo\BatchProcessing.Demo.csproj", "{55DF85DF-7B1B-4B04-AAEC-6E1E9C1E801F}"
EndProject
Project("{FAE04EC0-301F-11D3-BF4B-00C04F79EFBC}") = "BatchProcessing.Tests", "BatchProcessing.Tests\BatchProcessing.Tests.csproj", "{F2C33A6C-CD65-48AF-B958-B767D6DEF930}"
EndProject
Project("{2150E333-8FDC-42A3-9474-1A3956D46DE8}") = "Solution Items", "Solution Items", "{8EC462FD-D22E-90A8-E5CE-7E832BA40C5D}"
	ProjectSection(SolutionItems) = preProject
		README.md = README.md
	EndProjectSection
EndProject
Global
	GlobalSection(SolutionConfigurationPlatforms) = preSolution
		Debug|Any CPU = Debug|Any CPU
		Debug|x64 = Debug|x64
		Debug|x86 = Debug|x86
		Release|Any CPU = Release|Any CPU
		Release|x64 = Release|x64
		Release|x86 = Release|x86
	EndGlobalSection
	GlobalSection(ProjectConfigurationPlatforms) = postSolution
		{9B425E29-DEF9-4438-BACF-F0349FBB8E39}.Debug|Any CPU.ActiveCfg = Debug|Any CPU
		{9B425E29-DEF9-4438-BACF-F0349FBB8E39}.Debug|Any CPU.Build.0 = Debug|Any CPU
		{9B425E29-DEF9-4438-BACF-F0349FBB8E39}.Debug|x64.ActiveCfg = Debug|Any CPU
		{9B425E29-DEF9-4438-BACF-F0349FBB8E39}.Debug|x64.Build.0 = Debug|Any CPU
		{9B425E29-DEF9-4438-BACF-F0349FBB8E39}.Debug|x86.ActiveCfg = Debug|Any CPU
		{9B425E29-DEF9-4438-BACF-F0349FBB8E39}.Debug|x86.Build.0 = Debug|Any CPU
		{9B425E29-DEF9-4438-BACF-F0349FBB8E39}.Release|Any CPU.ActiveCfg = Release|Any CPU
		{9B425E29-DEF9-4438-BACF-F0349FBB8E39}.Release|Any CPU.Build.0 = Release|Any CPU
		{9B425E29-DEF9-4438-BACF-F0349FBB8E39}.Release|x64.ActiveCfg = Release|Any CPU
		{9B425E29-DEF9-4438-BACF-F0349FBB8E39}.Release|x64.Build.0 = Release|Any CPU
		{9B425E29-DEF9-4438-BACF-F0349FBB8E39}.Release|x86.ActiveCfg = Release|Any CPU
		{9B425E29-DEF9-4438-BACF-F0349FBB8E39}.Release|x86.Build.0 = Release|Any CPU
		{55DF85DF-7B1B-4B04-AAEC-6E1E9C1E801F}.Debug|Any CPU.ActiveCfg = Debug|Any CPU
		{55DF85DF-7B1B-4B04-AAEC-6E1E9C1E801F}.Debug|Any CPU.Build.0 = Debug|Any CPU
		{55DF85DF-7B1B-4B04-AAEC-6E1E9C1E801F}.Debug|x64.ActiveCfg = Debug|Any CPU
		{55DF85DF-7B1B-4B04-AAEC-6E1E9C1E801F}.Debug|x64.Build.0 = Debug|Any CPU
		{55DF85DF-7B1B-4B04-AAEC-6E1E9C1E801F}.Debug|x86.ActiveCfg = Debug|Any CPU
		{55DF85DF-7B1B-4B04-AAEC-6E1E9C1E801F}.Debug|x86.Build.0 = Debug|Any CPU
		{55DF85DF-7B1B-4B04-AAEC-6E1E9C1E801F}.Release|Any CPU.ActiveCfg = Release|Any CPU
		{55DF85DF-7B1B-4B04-AAEC-6E1E9C1E801F}.Release|Any CPU.Build.0 = Release|Any CPU
		{55DF85DF-7B1B-4B04-AAEC-6E1E9C1E801F}.Release|x64.ActiveCfg = Release|Any CPU
		{55DF85DF-7B1B-4B04-AAEC-6E1E9C1E801F}.Release|x64.Build.0 = Release|Any CPU
		{55DF85DF-7B1B-4B04-AAEC-6E1E9C1E801F}.Release|x86.ActiveCfg = Release|Any CPU
		{55DF85DF-7B1B-4B04-AAEC-6E1E9C1E801F}.Release|x86.Build.0 = Release|Any CPU
		{F2C33A6C-CD65-48AF-B958-B767D6DEF930}.Debug|Any CPU.ActiveCfg = Debug|Any CPU
		{F2C33A6C-CD65-48AF-B958-B767D6DEF930}.Debug|Any CPU.Build.0 = Debug|Any CPU
		{F2C33A6C-CD65-48AF-B958-B767D6DEF930}.Debug|x64.ActiveCfg = Debug|Any CPU
		{F2C33A6C-CD65-48AF-B958-B767D6DEF930}.Debug|x64.Build.0 = Debug|Any CPU
		{F2C33A6C-CD65-48AF-B958-B767D6DEF930}.Debug|x86.ActiveCfg = Debug|Any CPU
		{F2C33A6C-CD65-48AF-B958-B767D6DEF930}.Debug|x86.Build.0 = Debug|Any CPU
		{F2C33A6C-CD65-48AF-B958-B767D6DEF930}.Release|Any CPU.ActiveCfg = Release|Any CPU
		{F2C33A6C-CD65-48AF-B958-B767D6DEF930}.Release|Any CPU.Build.0 = Release|Any CPU
		{F2C33A6C-CD65-48AF-B958-B767D6DEF930}.Release|x64.ActiveCfg = Release|Any CPU
		{F2C33A6C-CD65-48AF-B958-B767D6DEF930}.Release|x64.Build.0 = Release|Any CPU
		{F2C33A6C-CD65-48AF-B958-B767D6DEF930}.Release|x86.ActiveCfg = Release|Any CPU
		{F2C33A6C-CD65-48AF-B958-B767D6DEF930}.Release|x86.Build.0 = Release|Any CPU
	EndGlobalSection
	GlobalSection(SolutionProperties) = preSolution
		HideSolutionNode = FALSE
	EndGlobalSection
	GlobalSection(ExtensibilityGlobals) = postSolution
		SolutionGuid = {8D4FAC14-FF61-4866-B658-A725337B743B}
	EndGlobalSection
EndGlobal
